
Microsoft Visual Studio Solution File, Format Version 12.00
# Visual Studio 15
VisualStudioVersion = 15.0.28010.2041
MinimumVisualStudioVersion = 10.0.40219.1
Project("{8BC9CEB8-8B4A-11D0-8D11-00A0C91BC942}") = "tmxlite", "tmxlite.vcxproj", "{0BC0C535-FEBB-4A83-8197-AF74FA26E100}"
EndProject
Global
	GlobalSection(SolutionConfigurationPlatforms) = preSolution
		DebugShared|x64 = DebugShared|x64
		DebugShared|x86 = DebugShared|x86
		DebugStatic|x64 = DebugStatic|x64
		DebugStatic|x86 = DebugStatic|x86
		ReleaseShared|x64 = ReleaseShared|x64
		ReleaseShared|x86 = ReleaseShared|x86
		ReleaseStatic|x64 = ReleaseStatic|x64
		ReleaseStatic|x86 = ReleaseStatic|x86
	EndGlobalSection
	GlobalSection(ProjectConfigurationPlatforms) = postSolution
		{0BC0C535-FEBB-4A83-8197-AF74FA26E100}.DebugShared|x64.ActiveCfg = DebugShared|x64
		{0BC0C535-FEBB-4A83-8197-AF74FA26E100}.DebugShared|x64.Build.0 = DebugShared|x64
		{0BC0C535-FEBB-4A83-8197-AF74FA26E100}.DebugShared|x86.ActiveCfg = DebugShared|Win32
		{0BC0C535-FEBB-4A83-8197-AF74FA26E100}.DebugShared|x86.Build.0 = DebugShared|Win32
		{0BC0C535-FEBB-4A83-8197-AF74FA26E100}.DebugStatic|x64.ActiveCfg = DebugStatic|x64
		{0BC0C535-FEBB-4A83-8197-AF74FA26E100}.DebugStatic|x64.Build.0 = DebugStatic|x64
		{0BC0C535-FEBB-4A83-8197-AF74FA26E100}.DebugStatic|x86.ActiveCfg = DebugStatic|Win32
		{0BC0C535-FEBB-4A83-8197-AF74FA26E100}.DebugStatic|x86.Build.0 = DebugStatic|Win32
		{0BC0C535-FEBB-4A83-8197-AF74FA26E100}.ReleaseShared|x64.ActiveCfg = ReleaseShared|x64
		{0BC0C535-FEBB-4A83-8197-AF74FA26E100}.ReleaseShared|x64.Build.0 = ReleaseShared|x64
		{0BC0C535-FEBB-4A83-8197-AF74FA26E100}.ReleaseShared|x86.ActiveCfg = ReleaseShared|Win32
		{0BC0C535-FEBB-4A83-8197-AF74FA26E100}.ReleaseShared|x86.Build.0 = ReleaseShared|Win32
		{0BC0C535-FEBB-4A83-8197-AF74FA26E100}.ReleaseStatic|x64.ActiveCfg = ReleaseStatic|x64
		{0BC0C535-FEBB-4A83-8197-AF74FA26E100}.ReleaseStatic|x64.Build.0 = ReleaseStatic|x64
		{0BC0C535-FEBB-4A83-8197-AF74FA26E100}.ReleaseStatic|x86.ActiveCfg = ReleaseStatic|Win32
		{0BC0C535-FEBB-4A83-8197-AF74FA26E100}.ReleaseStatic|x86.Build.0 = ReleaseStatic|Win32
	EndGlobalSection
	GlobalSection(SolutionProperties) = preSolution
		HideSolutionNode = FALSE
	EndGlobalSection
	GlobalSection(ExtensibilityGlobals) = postSolution
		SolutionGuid = {F662E4CD-620C-4E38-9D4A-625A10F47D44}
	EndGlobalSection
EndGlobal
